PODS:
  - PINCache (3.0.1):
    - PINCache/Arc-exception-safe (= 3.0.1)
    - PINCache/Core (= 3.0.1)
  - PINCache/Arc-exception-safe (3.0.1):
    - PINCache/Core
  - PINCache/Core (3.0.1):
    - PINOperation (~> 1.2.0)
  - PINOperation (1.2)
  - PINRemoteImage (3.0.1):
    - PINRemoteImage/PINCache (= 3.0.1)
  - PINRemoteImage/Core (3.0.1):
    - PINOperation
  - PINRemoteImage/PINCache (3.0.1):
    - PINCache (~> 3.0.1)
    - PINRemoteImage/Core

DEPENDENCIES:
  - PINRemoteImage (~> 3.0.1)

SPEC REPOS:
  https://github.com/CocoaPods/Specs.git:
    - PINCache
    - PINOperation
    - PINRemoteImage

SPEC CHECKSUMS:
  PINCache: ee3c4abadd09970a61cdda0cfc345e69a3d75b26
  PINOperation: 3a967a927e7867e61976c6cc23e5770416449fbc
  PINRemoteImage: 3b7cedb118c2d357f87e9eabc7c81ba0202cb236

PODFILE CHECKSUM: bc1ffa158660efc0cea5258de71931c015a97100

COCOAPODS: 1.8.3
